<?xml version="1.0" encoding="utf-8"?>
<Project ToolsVersion="4.0" xmlns="http://schemas.microsoft.com/developer/msbuild/2003">
  <ItemGroup>
    <Filter Include="Source Files">
      <UniqueIdentifier>{4FC737F1-C7A5-4376-A066-2A32D752A2FF}</UniqueIdentifier>
      <Extensions>cpp;c;cc;cxx;def;odl;idl;hpj;bat;asm;asmx</Extensions>
    </Filter>
    <Filter Include="Header Files">
      <UniqueIdentifier>{93995380-89BD-4b04-88EB-625FBE52EBFB}</UniqueIdentifier>
      <Extensions>h;hh;hpp;hxx;hm;inl;inc;xsd</Extensions>
    </Filter>
    <Filter Include="Resource Files">
      <UniqueIdentifier>{67DA6AB6-F800-4c08-8B7A-83BB121AAD01}</UniqueIdentifier>
      <Extensions>rc;ico;cur;bmp;dlg;rc2;rct;bin;rgs;gif;jpg;jpeg;jpe;resx;tiff;tif;png;wav;mfcribbon-ms</Extensions>
    </Filter>
  </ItemGroup>
  <ItemGroup>
    <ClCompile Include="..\Code\ANN.cpp">
      <Filter>Source Files</Filter>
    </ClCompile>
    <ClCompile Include="..\Code\bd_fix_rad_search.cpp">
      <Filter>Source Files</Filter>
    </ClCompile>
    <ClCompile Include="..\Code\bd_pr_search.cpp">
      <Filter>Source Files</Filter>
    </ClCompile>
    <ClCompile Include="..\Code\bd_search.cpp">
      <Filter>Source Files</Filter>
    </ClCompile>
    <ClCompile Include="..\Code\bd_tree.cpp">
      <Filter>Source Files</Filter>
    </ClCompile>
    <ClCompile Include="..\Code\bfgs_funcs.cpp">
      <Filter>Source Files</Filter>
    </ClCompile>
    <ClCompile Include="..\Code\brute.cpp">
      <Filter>Source Files</Filter>
    </ClCompile>
    <ClCompile Include="..\Code\gicp.cpp">
      <Filter>Source Files</Filter>
    </ClCompile>
    <ClCompile Include="..\Code\gicp_matlab.cpp">
      <Filter>Source Files</Filter>
    </ClCompile>
    <ClCompile Include="..\Code\kd_dump.cpp">
      <Filter>Source Files</Filter>
    </ClCompile>
    <ClCompile Include="..\Code\kd_fix_rad_search.cpp">
      <Filter>Source Files</Filter>
    </ClCompile>
    <ClCompile Include="..\Code\kd_pr_search.cpp">
      <Filter>Source Files</Filter>
    </ClCompile>
    <ClCompile Include="..\Code\kd_search.cpp">
      <Filter>Source Files</Filter>
    </ClCompile>
    <ClCompile Include="..\Code\kd_split.cpp">
      <Filter>Source Files</Filter>
    </ClCompile>
    <ClCompile Include="..\Code\kd_tree.cpp">
      <Filter>Source Files</Filter>
    </ClCompile>
    <ClCompile Include="..\Code\kd_util.cpp">
      <Filter>Source Files</Filter>
    </ClCompile>
    <ClCompile Include="..\Code\optimize.cpp">
      <Filter>Source Files</Filter>
    </ClCompile>
    <ClCompile Include="..\Code\perf.cpp">
      <Filter>Source Files</Filter>
    </ClCompile>
    <ClCompile Include="..\Code\scan.cpp">
      <Filter>Source Files</Filter>
    </ClCompile>
    <ClCompile Include="..\Code\transform.cpp">
      <Filter>Source Files</Filter>
    </ClCompile>
  </ItemGroup>
  <ItemGroup>
    <ClInclude Include="..\Code\ANN.h">
      <Filter>Header Files</Filter>
    </ClInclude>
    <ClInclude Include="..\Code\ANNperf.h">
      <Filter>Header Files</Filter>
    </ClInclude>
    <ClInclude Include="..\Code\ANNx.h">
      <Filter>Header Files</Filter>
    </ClInclude>
    <ClInclude Include="..\Code\bd_tree.h">
      <Filter>Header Files</Filter>
    </ClInclude>
    <ClInclude Include="..\Code\gicp.h">
      <Filter>Header Files</Filter>
    </ClInclude>
    <ClInclude Include="..\Code\kd_fix_rad_search.h">
      <Filter>Header Files</Filter>
    </ClInclude>
    <ClInclude Include="..\Code\kd_pr_search.h">
      <Filter>Header Files</Filter>
    </ClInclude>
    <ClInclude Include="..\Code\kd_search.h">
      <Filter>Header Files</Filter>
    </ClInclude>
    <ClInclude Include="..\Code\kd_split.h">
      <Filter>Header Files</Filter>
    </ClInclude>
    <ClInclude Include="..\Code\kd_tree.h">
      <Filter>Header Files</Filter>
    </ClInclude>
    <ClInclude Include="..\Code\kd_util.h">
      <Filter>Header Files</Filter>
    </ClInclude>
    <ClInclude Include="..\Code\optimize.h">
      <Filter>Header Files</Filter>
    </ClInclude>
    <ClInclude Include="..\Code\pr_queue.h">
      <Filter>Header Files</Filter>
    </ClInclude>
    <ClInclude Include="..\Code\pr_queue_k.h">
      <Filter>Header Files</Filter>
    </ClInclude>
    <ClInclude Include="..\Code\scan.h">
      <Filter>Header Files</Filter>
    </ClInclude>
    <ClInclude Include="..\Code\transform.h">
      <Filter>Header Files</Filter>
    </ClInclude>
  </ItemGroup>
</Project>